{
  "name": "wlprofiler",
  "version": "1.0.0",
  "lockfileVersion": 1,
  "requires": true,
  "dependencies": {
    "@types/es6-promise": {
      "version": "0.0.33",
      "resolved": "http://registry.npm.taobao.org/@types/es6-promise/download/@types/es6-promise-0.0.33.tgz",
      "integrity": "sha1-KApwfmKxtr7xqGzAhh7GPNBsf/M="
    },
    "@types/lodash": {
      "version": "4.14.74",
      "resolved": "http://registry.npm.taobao.org/@types/lodash/download/@types/lodash-4.14.74.tgz",
      "integrity": "sha1-rDvY25iOf3A45dIr12p7oT+HYWg="
    },
    "@types/react": {
      "version": "16.0.5",
      "resolved": "http://registry.npm.taobao.org/@types/react/download/@types/react-16.0.5.tgz",
      "integrity": "sha1-1xPPZ8whHeogRj0qC2YAXCIHDEs=",
      "dev": true
    },
    "@types/react-dom": {
      "version": "15.5.4",
      "resolved": "http://registry.npm.taobao.org/@types/react-dom/download/@types/react-dom-15.5.4.tgz",
      "integrity": "sha1-P3W6hqLOmn0dnn0e4/GG86llLY8=",
      "dev": true
    },
    "electron": {
      "version": "1.6.12",
      "resolved": "http://registry.npm.taobao.org/electron/download/electron-1.6.12.tgz",
      "integrity": "sha1-hg3fDGWWgfYLgV9LmMB3/htvhnw=",
      "dev": true
    },
    "lodash": {
      "version": "4.17.13",
      "resolved": "https://registry.npmjs.org/lodash/-/lodash-4.17.13.tgz",
      "integrity": "sha512-vm3/XWXfWtRua0FkUyEHBZy8kCPjErNBT9fJx8Zvs+U6zjqPbTUOpkaoum3O5uiA8sm+yNMHXfYkTUHFoMxFNA=="
    },
    "mobx": {
      "version": "3.2.2",
      "resolved": "http://registry.npm.taobao.org/mobx/download/mobx-3.2.2.tgz",
      "integrity": "sha1-qmcUWb7e39mIDJSIiaP2K84JJ5w="
    },
    "mobx-react": {
      "version": "4.2.2",
      "resolved": "http://registry.npm.taobao.org/mobx-react/download/mobx-react-4.2.2.tgz",
      "integrity": "sha1-25zDyv772DDQWEwRSa9armeCkgE="
    },
    "react": {
      "version": "15.6.1",
      "resolved": "http://registry.npm.taobao.org/react/download/react-15.6.1.tgz",
      "integrity": "sha1-uqhDTsZ4C96ZfNw4C3nNM7ljk98=",
      "dev": true
    },
    "react-dom": {
      "version": "15.6.1",
      "resolved": "http://registry.npm.taobao.org/react-dom/download/react-dom-15.6.1.tgz",
      "integrity": "sha1-LLDtQZEDjlPCCes6eaI+Kkz5lHA=",
      "dev": true
    },
    "react-scripts-ts": {
      "version": "2.6.0",
      "resolved": "http://registry.npm.taobao.org/react-scripts-ts/download/react-scripts-ts-2.6.0.tgz",
      "integrity": "sha1-dWZ/4Wvu781VHkT2B+0Ss140tnI=",
      "dev": true,
      "dependencies": {
        "fs-extra": {
          "version": "3.0.1",
          "resolved": "http://registry.npm.taobao.org/fs-extra/download/fs-extra-3.0.1.tgz",
          "integrity": "sha1-N5TzeMWLNC6n27sjCVEJxLO2IpE="
        },
        "jsonfile": {
          "version": "3.0.1",
          "resolved": "http://registry.npm.taobao.org/jsonfile/download/jsonfile-3.0.1.tgz",
          "integrity": "sha1-pezG9l9T9mLEQVx2daAzHQmS7GY="
        },
        "promise": {
          "version": "7.1.1",
          "resolved": "http://registry.npm.taobao.org/promise/download/promise-7.1.1.tgz",
          "integrity": "sha1-SJZUxpJha4qlWwck+oCbt9tJxb8="
        }
      }
    }
  }
}
